Microsoft Visual Studio Solution File, Format Version 12.00
# Visual Studio Version 17
VisualStudioVersion = 17.5.2.0
MinimumVisualStudioVersion = 10.0.40219.1
Project("{FAE04EC0-301F-11D3-BF4B-00C04F79EFBC}") = "lab-6-mad-libs-1-PrestonW22", "lab-6-mad-libs-1-PrestonW22.csproj", "{31FFBADC-7E40-488A-EE7C-AC2D0BB2C8DE}"
EndProject
Global
	GlobalSection(SolutionConfigurationPlatforms) = preSolution
		Debug|Any CPU = Debug|Any CPU
		Release|Any CPU = Release|Any CPU
	EndGlobalSection
	GlobalSection(ProjectConfigurationPlatforms) = postSolution
		{31FFBADC-7E40-488A-EE7C-AC2D0BB2C8DE}.Debug|Any CPU.ActiveCfg = Debug|Any CPU
		{31FFBADC-7E40-488A-EE7C-AC2D0BB2C8DE}.Debug|Any CPU.Build.0 = Debug|Any CPU
		{31FFBADC-7E40-488A-EE7C-AC2D0BB2C8DE}.Release|Any CPU.ActiveCfg = Release|Any CPU
		{31FFBADC-7E40-488A-EE7C-AC2D0BB2C8DE}.Release|Any CPU.Build.0 = Release|Any CPU
	EndGlobalSection
	GlobalSection(SolutionProperties) = preSolution
		HideSolutionNode = FALSE
	EndGlobalSection
	GlobalSection(ExtensibilityGlobals) = postSolution
		SolutionGuid = {3EAEBD64-C8E2-452A-834F-9D78B1A6CD01}
	EndGlobalSection
EndGlobal
